
Microsoft Visual Studio Solution File, Format Version 12.00
# Visual Studio Version 17
VisualStudioVersion = 17.13.35828.75 d17.13
MinimumVisualStudioVersion = 10.0.40219.1
Project("{FAE04EC0-301F-11D3-BF4B-00C04F79EFBC}") = "10 Struct", "10 Struct.csproj", "{658D3ED3-CFFA-437E-A8FF-C2310F86C434}"
EndProject
Global
	GlobalSection(SolutionConfigurationPlatforms) = preSolution
		Debug|Any CPU = Debug|Any CPU
		Release|Any CPU = Release|Any CPU
	EndGlobalSection
	GlobalSection(ProjectConfigurationPlatforms) = postSolution
		{658D3ED3-CFFA-437E-A8FF-C2310F86C434}.Debug|Any CPU.ActiveCfg = Debug|Any CPU
		{658D3ED3-CFFA-437E-A8FF-C2310F86C434}.Debug|Any CPU.Build.0 = Debug|Any CPU
		{658D3ED3-CFFA-437E-A8FF-C2310F86C434}.Release|Any CPU.ActiveCfg = Release|Any CPU
		{658D3ED3-CFFA-437E-A8FF-C2310F86C434}.Release|Any CPU.Build.0 = Release|Any CPU
	EndGlobalSection
	GlobalSection(SolutionProperties) = preSolution
		HideSolutionNode = FALSE
	EndGlobalSection
	GlobalSection(ExtensibilityGlobals) = postSolution
		SolutionGuid = {E3D3A763-8A53-4B63-B1DC-906CB9D32BB5}
	EndGlobalSection
EndGlobal
