
Microsoft Visual Studio Solution File, Format Version 12.00
# Visual Studio Version 17
VisualStudioVersion = 17.13.35828.75 d17.13
MinimumVisualStudioVersion = 10.0.40219.1
Project("{FAE04EC0-301F-11D3-BF4B-00C04F79EFBC}") = "6Collection", "6Collection.csproj", "{77EE757F-CD18-4A80-9641-715B8EFA6BC7}"
EndProject
Global
	GlobalSection(SolutionConfigurationPlatforms) = preSolution
		Debug|Any CPU = Debug|Any CPU
		Release|Any CPU = Release|Any CPU
	EndGlobalSection
	GlobalSection(ProjectConfigurationPlatforms) = postSolution
		{77EE757F-CD18-4A80-9641-715B8EFA6BC7}.Debug|Any CPU.ActiveCfg = Debug|Any CPU
		{77EE757F-CD18-4A80-9641-715B8EFA6BC7}.Debug|Any CPU.Build.0 = Debug|Any CPU
		{77EE757F-CD18-4A80-9641-715B8EFA6BC7}.Release|Any CPU.ActiveCfg = Release|Any CPU
		{77EE757F-CD18-4A80-9641-715B8EFA6BC7}.Release|Any CPU.Build.0 = Release|Any CPU
	EndGlobalSection
	GlobalSection(SolutionProperties) = preSolution
		HideSolutionNode = FALSE
	EndGlobalSection
	GlobalSection(ExtensibilityGlobals) = postSolution
		SolutionGuid = {3EE64277-78A1-481F-9ADE-D137445B4C7D}
	EndGlobalSection
EndGlobal
